
Microsoft Visual Studio Solution File, Format Version 12.00
# Visual Studio Version 17
VisualStudioVersion = 17.0.31903.59
MinimumVisualStudioVersion = 10.0.40219.1
Project("{FAE04EC0-301F-11D3-BF4B-00C04F79EFBC}") = "PokeApi", "PokeApi\PokeApi.csproj", "{40D0D1B0-712E-4FAC-B8A9-AE2257D67750}"
EndProject
Project("{FAE04EC0-301F-11D3-BF4B-00C04F79EFBC}") = "PokeApi.Tests", "PokeApi.Tests\PokeApi.Tests.csproj", "{88E21FD6-1ED7-47E4-9652-DC18814373F5}"
EndProject
Global
	GlobalSection(SolutionConfigurationPlatforms) = preSolution
		Debug|Any CPU = Debug|Any CPU
		Release|Any CPU = Release|Any CPU
	EndGlobalSection
	GlobalSection(SolutionProperties) = preSolution
		HideSolutionNode = FALSE
	EndGlobalSection
	GlobalSection(ProjectConfigurationPlatforms) = postSolution
		{40D0D1B0-712E-4FAC-B8A9-AE2257D67750}.Debug|Any CPU.ActiveCfg = Debug|Any CPU
		{40D0D1B0-712E-4FAC-B8A9-AE2257D67750}.Debug|Any CPU.Build.0 = Debug|Any CPU
		{40D0D1B0-712E-4FAC-B8A9-AE2257D67750}.Release|Any CPU.ActiveCfg = Release|Any CPU
		{40D0D1B0-712E-4FAC-B8A9-AE2257D67750}.Release|Any CPU.Build.0 = Release|Any CPU
		{88E21FD6-1ED7-47E4-9652-DC18814373F5}.Debug|Any CPU.ActiveCfg = Debug|Any CPU
		{88E21FD6-1ED7-47E4-9652-DC18814373F5}.Debug|Any CPU.Build.0 = Debug|Any CPU
		{88E21FD6-1ED7-47E4-9652-DC18814373F5}.Release|Any CPU.ActiveCfg = Release|Any CPU
		{88E21FD6-1ED7-47E4-9652-DC18814373F5}.Release|Any CPU.Build.0 = Release|Any CPU
	EndGlobalSection
EndGlobal
